
Microsoft Visual Studio Solution File, Format Version 12.00
# Visual Studio 14
VisualStudioVersion = 14.0.23107.0
MinimumVisualStudioVersion = 10.0.40219.1
Project("{FAE04EC0-301F-11D3-BF4B-00C04F79EFBC}") = "RecupIP", "RecupIP\RecupIP.csproj", "{314DA891-B8F9-4C4D-9682-62E6A99D6DA6}"
EndProject
Project("{6141683F-8A12-4E36-9623-2EB02B2C2303}") = "FormateIPSetup", "FormateIPSetup\FormateIPSetup.isproj", "{918ACF0A-2C28-4041-958D-20BB3D8843F2}"
	ProjectSection(ProjectDependencies) = postProject
		{314DA891-B8F9-4C4D-9682-62E6A99D6DA6} = {314DA891-B8F9-4C4D-9682-62E6A99D6DA6}
	EndProjectSection
EndProject
Global
	GlobalSection(SolutionConfigurationPlatforms) = preSolution
		CD_ROM|Any CPU = CD_ROM|Any CPU
		Debug|Any CPU = Debug|Any CPU
		DVD-5|Any CPU = DVD-5|Any CPU
		Release|Any CPU = Release|Any CPU
		SingleImage|Any CPU = SingleImage|Any CPU
	EndGlobalSection
	GlobalSection(ProjectConfigurationPlatforms) = postSolution
		{314DA891-B8F9-4C4D-9682-62E6A99D6DA6}.CD_ROM|Any CPU.ActiveCfg = Release|Any CPU
		{314DA891-B8F9-4C4D-9682-62E6A99D6DA6}.CD_ROM|Any CPU.Build.0 = Release|Any CPU
		{314DA891-B8F9-4C4D-9682-62E6A99D6DA6}.Debug|Any CPU.ActiveCfg = Debug|Any CPU
		{314DA891-B8F9-4C4D-9682-62E6A99D6DA6}.Debug|Any CPU.Build.0 = Debug|Any CPU
		{314DA891-B8F9-4C4D-9682-62E6A99D6DA6}.DVD-5|Any CPU.ActiveCfg = Debug|Any CPU
		{314DA891-B8F9-4C4D-9682-62E6A99D6DA6}.DVD-5|Any CPU.Build.0 = Debug|Any CPU
		{314DA891-B8F9-4C4D-9682-62E6A99D6DA6}.Release|Any CPU.ActiveCfg = Release|Any CPU
		{314DA891-B8F9-4C4D-9682-62E6A99D6DA6}.Release|Any CPU.Build.0 = Release|Any CPU
		{314DA891-B8F9-4C4D-9682-62E6A99D6DA6}.SingleImage|Any CPU.ActiveCfg = Release|Any CPU
		{314DA891-B8F9-4C4D-9682-62E6A99D6DA6}.SingleImage|Any CPU.Build.0 = Release|Any CPU
		{918ACF0A-2C28-4041-958D-20BB3D8843F2}.CD_ROM|Any CPU.ActiveCfg = CD_ROM
		{918ACF0A-2C28-4041-958D-20BB3D8843F2}.CD_ROM|Any CPU.Build.0 = CD_ROM
		{918ACF0A-2C28-4041-958D-20BB3D8843F2}.Debug|Any CPU.ActiveCfg = DVD-5
		{918ACF0A-2C28-4041-958D-20BB3D8843F2}.Debug|Any CPU.Build.0 = DVD-5
		{918ACF0A-2C28-4041-958D-20BB3D8843F2}.DVD-5|Any CPU.ActiveCfg = DVD-5
		{918ACF0A-2C28-4041-958D-20BB3D8843F2}.DVD-5|Any CPU.Build.0 = DVD-5
		{918ACF0A-2C28-4041-958D-20BB3D8843F2}.Release|Any CPU.ActiveCfg = SingleImage
		{918ACF0A-2C28-4041-958D-20BB3D8843F2}.Release|Any CPU.Build.0 = SingleImage
		{918ACF0A-2C28-4041-958D-20BB3D8843F2}.SingleImage|Any CPU.ActiveCfg = SingleImage
		{918ACF0A-2C28-4041-958D-20BB3D8843F2}.SingleImage|Any CPU.Build.0 = SingleImage
	EndGlobalSection
	GlobalSection(SolutionProperties) = preSolution
		HideSolutionNode = FALSE
	EndGlobalSection
EndGlobal
